{
  "version": 1,
  "dependencies": {
    ".NETFramework,Version=v4.8": {
      "Microsoft.TeamFoundationServer.ExtendedClient": {
        "type": "Direct",
        "requested": "[19.227.0-preview, )",
        "resolved": "19.227.0-preview",
        "contentHash": "jot41NdYP+kqdrjsNC26jGYYFiwIqiY+asgb5eSAJ389ohiV3tcWWLnQ6InghnMQqFslvJ5U/gzCiLyDBM2/yw==",
        "dependencies": {
          "Microsoft.AspNet.WebApi.Client": "5.2.7",
          "Microsoft.AspNet.WebApi.Core": "5.2.7",
          "Microsoft.TeamFoundationServer.Client": "[19.227.0-preview]",
          "Microsoft.VisualStudio.Services.Client": "[19.227.0-preview]",
          "Microsoft.VisualStudio.Services.InteractiveClient": "[19.227.0-preview]",
          "Newtonsoft.Json": "13.0.2",
          "System.IdentityModel.Tokens.Jwt": "6.30.1"
        }
      },
      "Microsoft.VisualStudio.Services.ExtensionManagement.WebApi": {
        "type": "Direct",
        "requested": "[19.227.0-preview, )",
        "resolved": "19.227.0-preview",
        "contentHash": "Q5Mb4ysEvCPJg/nLEyRX+a+v2itIe1/QjChcirZ/0/nv/L5Z9hLas7qxobBSFa1sdBK22VSZh88fXtdP7O31rw==",
        "dependencies": {
          "Microsoft.AspNet.WebApi.Client": "5.2.7",
          "Microsoft.VisualStudio.Services.Client": "[19.227.0-preview]",
          "Microsoft.VisualStudio.Services.Gallery.WebApi": "[19.227.0-preview]",
          "Newtonsoft.Json": "13.0.2"
        }
      },
      "Microsoft.VisualStudio.Services.Search.Client": {
        "type": "Direct",
        "requested": "[19.227.0-preview, )",
        "resolved": "19.227.0-preview",
        "contentHash": "R2EoXYm4NmKAXx5A2J2Ut2G/Vdif9QyJXus5/ddnKgIEMtDigl3Yco1ftb3sATVrcInJ1dj0S1fIlhKVjqN0MA==",
        "dependencies": {
          "Microsoft.AspNet.WebApi.Client": "5.2.7",
          "Microsoft.AspNet.WebApi.Core": "5.2.7",
          "Microsoft.AspNet.WebApi.WebHost": "5.2.7",
          "Microsoft.VisualStudio.Services.Client": "[19.227.0-preview]",
          "Newtonsoft.Json": "13.0.2"
        }
      },
      "System.Text.Json": {
        "type": "Direct",
        "requested": "[7.0.3, )",
        "resolved": "7.0.3",
        "contentHash": "AyjhwXN1zTFeIibHimfJn6eAsZ7rTBib79JQpzg8WAuR/HKDu9JGNHTuu3nbbXQ/bgI+U4z6HtZmCHNXB1QXrQ==",
        "dependencies": {
          "Microsoft.Bcl.AsyncInterfaces": "7.0.0",
          "System.Buffers": "4.5.1",
          "System.Memory": "4.5.5",
          "System.Numerics.Vectors": "4.5.0",
          "System.Runtime.CompilerServices.Unsafe": "6.0.0",
          "System.Text.Encodings.Web": "7.0.0",
          "System.Threading.Tasks.Extensions": "4.5.4",
          "System.ValueTuple": "4.5.0"
        }
      },
      "JetBrains.Annotations": {
        "type": "Transitive",
        "resolved": "2023.2.0",
        "contentHash": "dvO//8aLmLRsCVVgoc/7qBqi2/y4BTyRcg20LCBWtK4n6E9Um06Zp7jF1n0hOE+yqBHwcrDzAjWvCaM3qH8flg=="
      },
      "Microsoft.AspNet.WebApi.Client": {
        "type": "Transitive",
        "resolved": "5.2.7",
        "contentHash": "/76fAHknzvFqbznS6Uj2sOyE9rJB3PltY+f53TH8dX9RiGhk02EhuFCWljSj5nnqKaTsmma8DFR50OGyQ4yJ1g==",
        "dependencies": {
          "Newtonsoft.Json": "6.0.4"
        }
      },
      "Microsoft.AspNet.WebApi.Core": {
        "type": "Transitive",
        "resolved": "5.2.7",
        "contentHash": "gM2QzApnHdy1FbKUJ/ROGJSm69P2G+HMoVd/t5Vq1O/zZ5TI4IKC9PX6nUfRt/NHgebZOIWHpB4/4K4inuy4yQ==",
        "dependencies": {
          "Microsoft.AspNet.WebApi.Client": "5.2.7"
        }
      },
      "Microsoft.AspNet.WebApi.WebHost": {
        "type": "Transitive",
        "resolved": "5.2.7",
        "contentHash": "m3TyD7R/cmbfXqkfgcnE0J/UEKklcPP5gsXR96//vLx2kTnsxuOqNlulJLl+Oto4fZMvhVPFZVR+KG9cLZM/PA==",
        "dependencies": {
          "Microsoft.AspNet.WebApi.Core": "[5.2.7, 5.3.0)"
        }
      },
      "Microsoft.Bcl.AsyncInterfaces": {
        "type": "Transitive",
        "resolved": "7.0.0",
        "contentHash": "3aeMZ1N0lJoSyzqiP03hqemtb1BijhsJADdobn/4nsMJ8V1H+CrpuduUe4hlRdx+ikBQju1VGjMD1GJ3Sk05Eg==",
        "dependencies": {
          "System.Threading.Tasks.Extensions": "4.5.4"
        }
      },
      "Microsoft.Extensions.DependencyInjection.Abstractions": {
        "type": "Transitive",
        "resolved": "7.0.0",
        "contentHash": "h3j/QfmFN4S0w4C2A6X7arXij/M/OVw3uQHSOFxnND4DyAzO1F9eMX7Eti7lU/OkSthEE0WzRsfT/Dmx86jzCw==",
        "dependencies": {
          "Microsoft.Bcl.AsyncInterfaces": "7.0.0",
          "System.Threading.Tasks.Extensions": "4.5.4"
        }
      },
      "Microsoft.Extensions.Logging.Abstractions": {
        "type": "Transitive",
        "resolved": "7.0.1",
        "contentHash": "pkeBFx0vqMW/A3aUVHh7MPu3WkBhaVlezhSZeb1c9XD0vUReYH1TLFSy5MxJgZfmz5LZzYoErMorlYZiwpOoNA==",
        "dependencies": {
          "System.Buffers": "4.5.1",
          "System.Memory": "4.5.5"
        }
      },
      "Microsoft.Identity.Client": {
        "type": "Transitive",
        "resolved": "4.54.1",
        "contentHash": "YkQkV3IRaA1W36HD4NRD1cq+QFr+4QPKK3SgTSpx+RiobXnLZ6E9anOjDi2TS7okOEofBbjR6GyTPp4IR0MnEQ==",
        "dependencies": {
          "Microsoft.IdentityModel.Abstractions": "6.22.0"
        }
      },
      "Microsoft.Identity.Client.Extensions.Msal": {
        "type": "Transitive",
        "resolved": "2.23.0",
        "contentHash": "Q8K58FjUIVslHQlk+SIhFYjdy8B1A5Wt3GXxzLS7lnXXaSmbcGzk7d8haqLmR8z/DP99vpZC73SxMa83qSHcbQ==",
        "dependencies": {
          "Microsoft.Identity.Client": "4.46.0"
        }
      },
      "Microsoft.IdentityModel.Abstractions": {
        "type": "Transitive",
        "resolved": "6.30.1",
        "contentHash": "1YVmnuYYz53M+KGa7HvZ+Vvqchwp97ngDk2I4QoiQi+HL7rpifvyaMyVMFhdlmoRlQcnSwJbNp7ulPctGnFfkQ=="
      },
      "Microsoft.IdentityModel.JsonWebTokens": {
        "type": "Transitive",
        "resolved": "6.30.1",
        "contentHash": "H9o5zbuxfRKCEVULmxLCv1LTz1hmzaqG2Gk6X9Yq0QeJ1HeUQo1fwjaj+N1H55TQnZ8LNbmMdMCl/VqW3cJWvw==",
        "dependencies": {
          "Microsoft.IdentityModel.Tokens": "6.30.1",
          "System.Text.Encoding": "4.3.0",
          "System.Text.Encodings.Web": "4.7.2",
          "System.Text.Json": "4.7.2"
        }
      },
      "Microsoft.IdentityModel.Logging": {
        "type": "Transitive",
        "resolved": "6.30.1",
        "contentHash": "zE6TG08T8MPZfkXqOWegvvIhKZRiYyj2xgr4QQuWyXypSGPyZrkBwJf5IXU4T3aIKqVfALSnAYCW/IqMaCY4gA==",
        "dependencies": {
          "Microsoft.IdentityModel.Abstractions": "6.30.1"
        }
      },
      "Microsoft.IdentityModel.Tokens": {
        "type": "Transitive",
        "resolved": "6.30.1",
        "contentHash": "iLEwF/zEopanfMQcIcq190S/bBjSj3v6UfqN37KqRqsKB9kkm3/tYCrIQOtvLKbEe/znQXC6HoQhknDTszPz2Q==",
        "dependencies": {
          "Microsoft.IdentityModel.Logging": "6.30.1",
          "System.Text.Encoding": "4.3.0",
          "System.Text.Encodings.Web": "4.7.2",
          "System.Text.Json": "4.7.2"
        }
      },
      "Microsoft.TeamFoundation.DistributedTask.Common.Contracts": {
        "type": "Transitive",
        "resolved": "19.227.0-preview",
        "contentHash": "hXNa3gBZiSZ9wfpfwNNY2NULQTMgrPVgSbsvOzl2f01YbCNYVY8KRo5DxqGIMOTCVUQWEK9NCIt5d2wHHdSMXg==",
        "dependencies": {
          "Microsoft.VisualStudio.Services.Client": "[19.227.0-preview]"
        }
      },
      "Microsoft.TeamFoundationServer.Client": {
        "type": "Transitive",
        "resolved": "19.227.0-preview",
        "contentHash": "Mld2j0TzGjGHfXdM5PDWfsbTMNqb+OpHi1kPyopDuWuUgY3ezTf/XvziLzPHM/HAj2JWV5MVLPIfVTxooAF5lA==",
        "dependencies": {
          "Microsoft.AspNet.WebApi.Client": "5.2.7",
          "Microsoft.AspNet.WebApi.Core": "5.2.7",
          "Microsoft.AspNet.WebApi.WebHost": "5.2.7",
          "Microsoft.TeamFoundation.DistributedTask.Common.Contracts": "[19.227.0-preview]",
          "Microsoft.VisualStudio.Services.Client": "[19.227.0-preview]",
          "Newtonsoft.Json": "13.0.2"
        }
      },
      "Microsoft.VisualStudio.Services.Client": {
        "type": "Transitive",
        "resolved": "19.227.0-preview",
        "contentHash": "bcSiNNVGu/sgEripvlc4WsB8EjtaUqG5ascmsPxmttDFllsKLoznnIkvuB6R5jlsaqB6xy41dmBAvYBPyYMQJw==",
        "dependencies": {
          "Microsoft.AspNet.WebApi.Client": "5.2.7",
          "Microsoft.IdentityModel.Tokens": "6.30.1",
          "Newtonsoft.Json": "13.0.2",
          "System.IdentityModel.Tokens.Jwt": "6.30.1",
          "System.ValueTuple": "4.5.0"
        }
      },
      "Microsoft.VisualStudio.Services.Gallery.WebApi": {
        "type": "Transitive",
        "resolved": "19.227.0-preview",
        "contentHash": "mUfIw1weLkOPt9gdXBcWGD+mJ8omJi7WOA43A6iY3gUae7mtSxDDIjzecb2OOlxjl9Wy7FDAam3kSWlZQfGYNw==",
        "dependencies": {
          "Microsoft.AspNet.WebApi.Client": "5.2.7",
          "Microsoft.VisualStudio.Services.Client": "[19.227.0-preview]",
          "Newtonsoft.Json": "13.0.2"
        }
      },
      "Microsoft.VisualStudio.Services.InteractiveClient": {
        "type": "Transitive",
        "resolved": "19.227.0-preview",
        "contentHash": "ANMi4G9U0VTminFagCJY5PuuHgFSOoA0MS8Y/7KWRs3EUjGiGEF9OW/C6oOYYw53xZ93oNK84ezw8S0HCvXWUw==",
        "dependencies": {
          "Microsoft.Identity.Client": "4.54.1",
          "Microsoft.Identity.Client.Extensions.Msal": "2.23.0",
          "Microsoft.IdentityModel.Tokens": "6.30.1",
          "Microsoft.VisualStudio.Services.Client": "[19.227.0-preview]",
          "Newtonsoft.Json": "13.0.2",
          "System.IdentityModel.Tokens.Jwt": "6.30.1"
        }
      },
      "Newtonsoft.Json": {
        "type": "Transitive",
        "resolved": "13.0.2",
        "contentHash": "R2pZ3B0UjeyHShm9vG+Tu0EBb2lC8b0dFzV9gVn50ofHXh9Smjk6kTn7A/FdAsC8B5cKib1OnGYOXxRBz5XQDg=="
      },
      "SharpVectors.Wpf": {
        "type": "Transitive",
        "resolved": "1.8.2",
        "contentHash": "dIj4fG2oF4vcSEDqepy2IuJkUay8muYF2zqtB2l5FCahwklVHrCEDxReFi6ak3ioFDRRmNJhQz7wpAboU/pG6Q=="
      },
      "System.Buffers": {
        "type": "Transitive",
        "resolved": "4.5.1",
        "contentHash": "Rw7ijyl1qqRS0YQD/WycNst8hUUMgrMH4FCn1nNm27M4VxchZ1js3fVjQaANHO5f3sN4isvP4a+Met9Y4YomAg=="
      },
      "System.Collections.Immutable": {
        "type": "Transitive",
        "resolved": "7.0.0",
        "contentHash": "dQPcs0U1IKnBdRDBkrCTi1FoajSTBzLcVTpjO4MBCMC7f4pDOIPzgBoX8JjG7X6uZRJ8EBxsi8+DR1JuwjnzOQ==",
        "dependencies": {
          "System.Memory": "4.5.5",
          "System.Runtime.CompilerServices.Unsafe": "6.0.0"
        }
      },
      "System.IdentityModel.Tokens.Jwt": {
        "type": "Transitive",
        "resolved": "6.30.1",
        "contentHash": "THhcemCnzUJnrCojmNmafJGluAmfumVFT18oSPa+epEfVuiXXdmitu7UvmayMq6FrBJKrZzHdVfh7CXg+uvBPQ==",
        "dependencies": {
          "Microsoft.IdentityModel.JsonWebTokens": "6.30.1",
          "Microsoft.IdentityModel.Tokens": "6.30.1"
        }
      },
      "System.IO": {
        "type": "Transitive",
        "resolved": "4.3.0",
        "contentHash": "3qjaHvxQPDpSOYICjUoTsmoq5u6QJAFRUITgeT/4gqkF1bajbSmb1kwSxEA8AHlofqgcKJcM8udgieRNhaJ5Cg=="
      },
      "System.Memory": {
        "type": "Transitive",
        "resolved": "4.5.5",
        "contentHash": "XIWiDvKPXaTveaB7HVganDlOCRoj03l+jrwNvcge/t8vhGYKvqV+dMv6G4SAX2NoNmN0wZfVPTAlFwZcZvVOUw==",
        "dependencies": {
          "System.Buffers": "4.5.1",
          "System.Numerics.Vectors": "4.5.0",
          "System.Runtime.CompilerServices.Unsafe": "4.5.3"
        }
      },
      "System.Net.Http": {
        "type": "Transitive",
        "resolved": "4.3.4",
        "contentHash": "aOa2d51SEbmM+H+Csw7yJOuNZoHkrP2XnAurye5HWYgGVVU54YZDvsLUYRv6h18X3sPnjNCANmN7ZhIPiqMcjA==",
        "dependencies": {
          "System.Security.Cryptography.X509Certificates": "4.3.0"
        }
      },
      "System.Numerics.Vectors": {
        "type": "Transitive",
        "resolved": "4.5.0",
        "contentHash": "QQTlPTl06J/iiDbJCiepZ4H//BVraReU4O4EoRw1U02H5TLUIT7xn3GnDp9AXPSlJUDyFs4uWjWafNX6WrAojQ=="
      },
      "System.Runtime": {
        "type": "Transitive",
        "resolved": "4.3.0",
        "contentHash": "JufQi0vPQ0xGnAczR13AUFglDyVYt4Kqnz1AZaiKZ5+GICq0/1MH/mO/eAJHt/mHW1zjKBJd7kV26SrxddAhiw=="
      },
      "System.Runtime.CompilerServices.Unsafe": {
        "type": "Transitive",
        "resolved": "6.0.0",
        "contentHash": "/iUeP3tq1S0XdNNoMz5C9twLSrM/TH+qElHkXWaPvuNOt+99G75NrV0OS2EqHx5wMN7popYjpc8oTjC1y16DLg=="
      },
      "System.Security.Cryptography.Algorithms": {
        "type": "Transitive",
        "resolved": "4.3.0",
        "contentHash": "W1kd2Y8mYSCgc3ULTAZ0hOP2dSdG5YauTb1089T0/kRcN2MpSAW1izOFROrJgxSlMn3ArsgHXagigyi+ibhevg==",
        "dependencies": {
          "System.IO": "4.3.0",
          "System.Runtime": "4.3.0",
          "System.Security.Cryptography.Encoding": "4.3.0",
          "System.Security.Cryptography.Primitives": "4.3.0"
        }
      },
      "System.Security.Cryptography.Encoding": {
        "type": "Transitive",
        "resolved": "4.3.0",
        "contentHash": "1DEWjZZly9ae9C79vFwqaO5kaOlI5q+3/55ohmq/7dpDyDfc8lYe7YVxJUZ5MF/NtbkRjwFRo14yM4OEo9EmDw=="
      },
      "System.Security.Cryptography.Primitives": {
        "type": "Transitive",
        "resolved": "4.3.0",
        "contentHash": "7bDIyVFNL/xKeFHjhobUAQqSpJq9YTOpbEs6mR233Et01STBMXNAc/V+BM6dwYGc95gVh/Zf+iVXWzj3mE8DWg=="
      },
      "System.Security.Cryptography.X509Certificates": {
        "type": "Transitive",
        "resolved": "4.3.0",
        "contentHash": "t2Tmu6Y2NtJ2um0RtcuhP7ZdNNxXEgUm2JeoA/0NvlMjAhKCnM1NX07TDl3244mVp3QU6LPEhT3HTtH1uF7IYw==",
        "dependencies": {
          "System.Security.Cryptography.Algorithms": "4.3.0",
          "System.Security.Cryptography.Encoding": "4.3.0"
        }
      },
      "System.Text.Encoding": {
        "type": "Transitive",
        "resolved": "4.3.0",
        "contentHash": "BiIg+KWaSDOITze6jGQynxg64naAPtqGHBwDrLaCtixsa5bKiR8dpPOHA7ge3C0JJQizJE+sfkz1wV+BAKAYZw=="
      },
      "System.Text.Encodings.Web": {
        "type": "Transitive",
        "resolved": "7.0.0",
        "contentHash": "OP6umVGxc0Z0MvZQBVigj4/U31Pw72ITihDWP9WiWDm+q5aoe0GaJivsfYGq53o6dxH7DcXWiCTl7+0o2CGdmg==",
        "dependencies": {
          "System.Buffers": "4.5.1",
          "System.Memory": "4.5.5",
          "System.Runtime.CompilerServices.Unsafe": "6.0.0"
        }
      },
      "System.Threading.Tasks.Extensions": {
        "type": "Transitive",
        "resolved": "4.5.4",
        "contentHash": "zteT+G8xuGu6mS+mzDzYXbzS7rd3K6Fjb9RiZlYlJPam2/hU7JCBZBVEcywNuR+oZ1ncTvc/cq0faRr3P01OVg==",
        "dependencies": {
          "System.Runtime.CompilerServices.Unsafe": "4.5.3"
        }
      },
      "System.ValueTuple": {
        "type": "Transitive",
        "resolved": "4.5.0",
        "contentHash": "okurQJO6NRE/apDIP23ajJ0hpiNmJ+f0BwOlB/cSqTLQlw5upkf+5+96+iG2Jw40G1fCVCyPz/FhIABUjMR+RQ=="
      },
      "tql.abstractions": {
        "type": "Project",
        "dependencies": {
          "Microsoft.Extensions.DependencyInjection.Abstractions": "[7.0.0, )",
          "Microsoft.Extensions.Logging.Abstractions": "[7.0.1, )",
          "System.Collections.Immutable": "[7.0.0, )"
        }
      },
      "tql.utilities": {
        "type": "Project",
        "dependencies": {
          "JetBrains.Annotations": "[2023.2.0, )",
          "SharpVectors.Wpf": "[1.8.2, )",
          "System.Net.Http": "[4.3.4, )",
          "System.Text.Json": "[7.0.3, )",
          "Tql.Abstractions": "[0.2.0, )"
        }
      }
    }
  }
}