{
  "version": 1,
  "dependencies": {
    ".NETFramework,Version=v4.8": {
      "AsyncEnumerator": {
        "type": "Direct",
        "requested": "[4.0.2, )",
        "resolved": "4.0.2",
        "contentHash": "mjBg9pGuQVbCeC/3t75B74mRjIIqOg6o212CJ7g37wRrPIJTGzuFKo9/TsVuJl2by2I1ESJLyFnNFHHEMRUysA==",
        "dependencies": {
          "Microsoft.Bcl.AsyncInterfaces": "1.0.0",
          "System.Threading.Tasks.Extensions": "4.5.2"
        }
      },
      "HtmlAgilityPack": {
        "type": "Direct",
        "requested": "[1.11.54, )",
        "resolved": "1.11.54",
        "contentHash": "bgB79N4urc4D7hrD4R+Qk6CjPiYOfs6vfXNsmw3nCcfQEQvBQGjfAcl5k/tB1ZP1hA0d7xXs0jK8xAXV36IVUg=="
      },
      "Newtonsoft.Json": {
        "type": "Direct",
        "requested": "[13.0.3, )",
        "resolved": "13.0.3",
        "contentHash": "HrC5BXdl00IP9zeV+0Z848QWPAoCr9P3bDEZguI+gkLcBKAOxix/tLEAAHC+UvDNPv4a2d18lOReHMOagPa+zQ=="
      },
      "Microsoft.Bcl.AsyncInterfaces": {
        "type": "Transitive",
        "resolved": "1.0.0",
        "contentHash": "K63Y4hORbBcKLWH5wnKgzyn7TOfYzevIEwIedQHBIkmkEBA9SCqgvom+XTuE+fAFGvINGkhFItaZ2dvMGdT5iw==",
        "dependencies": {
          "System.Threading.Tasks.Extensions": "4.5.2"
        }
      },
      "System.Runtime.CompilerServices.Unsafe": {
        "type": "Transitive",
        "resolved": "4.5.2",
        "contentHash": "wprSFgext8cwqymChhrBLu62LMg/1u92bU+VOwyfBimSPVFXtsNqEWC92Pf9ofzJFlk4IHmJA75EDJn1b2goAQ=="
      },
      "System.Threading.Tasks.Extensions": {
        "type": "Transitive",
        "resolved": "4.5.2",
        "contentHash": "BG/TNxDFv0svAzx8OiMXDlsHfGw623BZ8tCXw4YLhDFDvDhNUEV58jKYMGRnkbJNm7c3JNNJDiN7JBMzxRBR2w==",
        "dependencies": {
          "System.Runtime.CompilerServices.Unsafe": "4.5.2"
        }
      }
    },
    ".NETFramework,Version=v4.8/win7-x86": {}
  }
}